PODS:
  - FlutterMacOS (1.0.0)
  - record_darwin (1.0.0):
    - FlutterMacOS
  - speech_to_text_macos (0.0.1):
    - FlutterMacOS

DEPENDENCIES:
  - FlutterMacOS (from `Flutter/ephemeral`)
  - record_darwin (from `Flutter/ephemeral/.symlinks/plugins/record_darwin/macos`)
  - speech_to_text_macos (from `Flutter/ephemeral/.symlinks/plugins/speech_to_text_macos/macos`)

EXTERNAL SOURCES:
  FlutterMacOS:
    :path: Flutter/ephemeral
  record_darwin:
    :path: Flutter/ephemeral/.symlinks/plugins/record_darwin/macos
  speech_to_text_macos:
    :path: Flutter/ephemeral/.symlinks/plugins/speech_to_text_macos/macos

SPEC CHECKSUMS:
  FlutterMacOS: d0db08ddef1a9af05a5ec4b724367152bb0500b1
  record_darwin: 30509266ae213af8afdb09a8ae7467cb64c1377e
  speech_to_text_macos: cb920dff8288c218a7e8c96c8c931b17e801dae7

PODFILE CHECKSUM: 54d867c82ac51cbd61b565781b9fada492027009

COCOAPODS: 1.16.2
